
Microsoft Visual Studio Solution File, Format Version 12.00
# Visual Studio Version 17
VisualStudioVersion = 17.14.36414.22
MinimumVisualStudioVersion = 10.0.40219.1
Project("{2150E333-8FDC-42A3-9474-1A3956D46DE8}") = "Task0", "Task0", "{02EA681E-C7D8-13C7-8484-4AC65E1B71E8}"
EndProject
Project("{FAE04EC0-301F-11D3-BF4B-00C04F79EFBC}") = "Tyuiu.BurmistrovNS.Sprint2.Task0.V9", "Tyuiu.BurmistrovNS.Sprint2.Task0.V9\Tyuiu.BurmistrovNS.Sprint2.Task0.V9.csproj", "{E6E5047C-052E-4D46-A11A-ADE6775A223B}"
EndProject
Project("{FAE04EC0-301F-11D3-BF4B-00C04F79EFBC}") = "Tyuiu.BurmistrovNS.Sprint2.Task0.V9.Lib", "Tyuiu.BurmistrovNS.Sprint2.Task0.V9.Lib\Tyuiu.BurmistrovNS.Sprint2.Task0.V9.Lib.csproj", "{DFDFFBD6-DD8B-43C6-AE74-087106C9AD3D}"
EndProject
Project("{FAE04EC0-301F-11D3-BF4B-00C04F79EFBC}") = "Tyuiu.BurmistrovNS.Sprint2.Task0.V9.Test", "Tyuiu.BurmistrovNS.Sprint2.Task0.V9.Test\Tyuiu.BurmistrovNS.Sprint2.Task0.V9.Test.csproj", "{F90B872A-9C3F-467F-BBDE-B8B964EA1DA0}"
EndProject
Project("{2150E333-8FDC-42A3-9474-1A3956D46DE8}") = "Task1", "Task1", "{EB6C2B02-3285-465D-AB18-F7389AC59F1C}"
EndProject
Project("{FAE04EC0-301F-11D3-BF4B-00C04F79EFBC}") = "Tyuiu.BurmistrovNS.Sprint2.Task1.V19", "Tyuiu.BurmistrovNS.Sprint2.Task1.V19\Tyuiu.BurmistrovNS.Sprint2.Task1.V19.csproj", "{9F428096-BB70-4D53-9BD8-2299E85266E8}"
EndProject
Project("{FAE04EC0-301F-11D3-BF4B-00C04F79EFBC}") = "Tyuiu.BurmistrovNS.Sprint2.Task1.V19.Lib", "Tyuiu.BurmistrovNS.Sprint2.Task1.V19.Lib\Tyuiu.BurmistrovNS.Sprint2.Task1.V19.Lib.csproj", "{75CFFB11-7280-420D-B48F-E4329479E5E5}"
EndProject
Project("{FAE04EC0-301F-11D3-BF4B-00C04F79EFBC}") = "Tyuiu.BurmistrovNS.Sprint2.Task1.V19.Test", "Tyuiu.BurmistrovNS.Sprint2.Task1.V19.Test\Tyuiu.BurmistrovNS.Sprint2.Task1.V19.Test.csproj", "{D8A62A98-A943-40B3-AA0D-6FE726E0D24B}"
EndProject
Project("{2150E333-8FDC-42A3-9474-1A3956D46DE8}") = "Task2", "Task2", "{52677223-7CBC-46DC-BFDE-59FA4CF3AB1D}"
EndProject
Project("{FAE04EC0-301F-11D3-BF4B-00C04F79EFBC}") = "Tyuiu.BurmistrovNS.Sprint2.Task2.V12", "Tyuiu.BurmistrovNS.Sprint2.Task2.V12\Tyuiu.BurmistrovNS.Sprint2.Task2.V12.csproj", "{B43C2D25-1BE0-4D98-96CA-06AF93B30551}"
EndProject
Project("{FAE04EC0-301F-11D3-BF4B-00C04F79EFBC}") = "Tyuiu.BurmistrovNS.Sprint2.Task2.V12.Lib", "Tyuiu.BurmistrovNS.Sprint2.Task2.V12.Lib\Tyuiu.BurmistrovNS.Sprint2.Task2.V12.Lib.csproj", "{0AB6FA51-3D44-4ED2-AFD2-E1E3CB431250}"
EndProject
Project("{FAE04EC0-301F-11D3-BF4B-00C04F79EFBC}") = "Tyuiu.BurmistrovNS.Sprint2.Task2.V12.Test", "Tyuiu.BurmistrovNS.Sprint2.Task2.V12.Test\Tyuiu.BurmistrovNS.Sprint2.Task2.V12.Test.csproj", "{BAC5C2AE-C871-41A6-953B-D7E143317223}"
EndProject
Project("{2150E333-8FDC-42A3-9474-1A3956D46DE8}") = "Task3", "Task3", "{73C83873-92A9-4EDA-9601-6ED53D8DD75F}"
EndProject
Project("{FAE04EC0-301F-11D3-BF4B-00C04F79EFBC}") = "Tyuiu.BurmistrovNS.Sprint2.Task3.V28", "Tyuiu.BurmistrovNS.Sprint2.Task3.V28\Tyuiu.BurmistrovNS.Sprint2.Task3.V28.csproj", "{C70DDEC6-9865-4AF4-824B-EA979D1ADA60}"
EndProject
Project("{FAE04EC0-301F-11D3-BF4B-00C04F79EFBC}") = "Tyuiu.BurmistrovNS.Sprint2.Task3.V28.Lib", "Tyuiu.BurmistrovNS.Sprint2.Task3.V28.Lib\Tyuiu.BurmistrovNS.Sprint2.Task3.V28.Lib.csproj", "{E626B79C-8235-4E16-AFF7-222250C57C65}"
EndProject
Project("{FAE04EC0-301F-11D3-BF4B-00C04F79EFBC}") = "Tyuiu.BurmistrovNS.Sprint2.Task3.V28.Test", "Tyuiu.BurmistrovNS.Sprint2.Task3.V28.Test\Tyuiu.BurmistrovNS.Sprint2.Task3.V28.Test.csproj", "{94C5C94C-4231-4506-80DD-E25980E2F932}"
EndProject
Project("{2150E333-8FDC-42A3-9474-1A3956D46DE8}") = "Task4", "Task4", "{248C0791-B9C8-406D-B2F1-455EF77C91B2}"
EndProject
Project("{FAE04EC0-301F-11D3-BF4B-00C04F79EFBC}") = "Tyuiu.BurmistrovNS.Sprint2.Task4.V15", "Tyuiu.BurmistrovNS.Sprint2.Task4.V15\Tyuiu.BurmistrovNS.Sprint2.Task4.V15.csproj", "{00572915-C26A-49DB-A705-11B6C1C3ADCC}"
EndProject
Project("{FAE04EC0-301F-11D3-BF4B-00C04F79EFBC}") = "Tyuiu.BurmistrovNS.Sprint2.Task4.V15.Lib", "Tyuiu.BurmistrovNS.Sprint2.Task4.V15.Lib\Tyuiu.BurmistrovNS.Sprint2.Task4.V15.Lib.csproj", "{D32124FB-1931-450C-9AB8-F890D78D1306}"
EndProject
Project("{FAE04EC0-301F-11D3-BF4B-00C04F79EFBC}") = "Tyuiu.BurmistrovNS.Sprint2.Task4.V15.Test", "Tyuiu.BurmistrovNS.Sprint2.Task4.V15.Test\Tyuiu.BurmistrovNS.Sprint2.Task4.V15.Test.csproj", "{AD46FF2D-329B-418B-A803-65BA1786A9CB}"
EndProject
Project("{2150E333-8FDC-42A3-9474-1A3956D46DE8}") = "Task5", "Task5", "{0E0348EA-58AE-4304-BD95-32AD24579C3C}"
EndProject
Project("{FAE04EC0-301F-11D3-BF4B-00C04F79EFBC}") = "Tyuiu.BurmistrovNS.Sprint2.Task5.V7", "Tyuiu.BurmistrovNS.Sprint2.Task5.V7\Tyuiu.BurmistrovNS.Sprint2.Task5.V7.csproj", "{62AC05CE-5710-459D-8569-C4C8E0744203}"
EndProject
Project("{FAE04EC0-301F-11D3-BF4B-00C04F79EFBC}") = "Tyuiu.BurmistrovNS.Sprint2.Task5.V7.Lib", "Tyuiu.BurmistrovNS.Sprint2.Task5.V7.Lib\Tyuiu.BurmistrovNS.Sprint2.Task5.V7.Lib.csproj", "{CF7A73F4-88D8-434D-A908-CC6DA30E30F6}"
EndProject
Project("{FAE04EC0-301F-11D3-BF4B-00C04F79EFBC}") = "Tyuiu.BurmistrovNS.Sprint2.Task5.V7.Test", "Tyuiu.BurmistrovNS.Sprint2.Task5.V7.Test\Tyuiu.BurmistrovNS.Sprint2.Task5.V7.Test.csproj", "{FA109E81-59F9-4EC6-8CBF-46DC53A6B933}"
EndProject
Global
	GlobalSection(SolutionConfigurationPlatforms) = preSolution
		Debug|Any CPU = Debug|Any CPU
		Release|Any CPU = Release|Any CPU
	EndGlobalSection
	GlobalSection(ProjectConfigurationPlatforms) = postSolution
		{E6E5047C-052E-4D46-A11A-ADE6775A223B}.Debug|Any CPU.ActiveCfg = Debug|Any CPU
		{E6E5047C-052E-4D46-A11A-ADE6775A223B}.Debug|Any CPU.Build.0 = Debug|Any CPU
		{E6E5047C-052E-4D46-A11A-ADE6775A223B}.Release|Any CPU.ActiveCfg = Release|Any CPU
		{E6E5047C-052E-4D46-A11A-ADE6775A223B}.Release|Any CPU.Build.0 = Release|Any CPU
		{DFDFFBD6-DD8B-43C6-AE74-087106C9AD3D}.Debug|Any CPU.ActiveCfg = Debug|Any CPU
		{DFDFFBD6-DD8B-43C6-AE74-087106C9AD3D}.Debug|Any CPU.Build.0 = Debug|Any CPU
		{DFDFFBD6-DD8B-43C6-AE74-087106C9AD3D}.Release|Any CPU.ActiveCfg = Release|Any CPU
		{DFDFFBD6-DD8B-43C6-AE74-087106C9AD3D}.Release|Any CPU.Build.0 = Release|Any CPU
		{F90B872A-9C3F-467F-BBDE-B8B964EA1DA0}.Debug|Any CPU.ActiveCfg = Debug|Any CPU
		{F90B872A-9C3F-467F-BBDE-B8B964EA1DA0}.Debug|Any CPU.Build.0 = Debug|Any CPU
		{F90B872A-9C3F-467F-BBDE-B8B964EA1DA0}.Release|Any CPU.ActiveCfg = Release|Any CPU
		{F90B872A-9C3F-467F-BBDE-B8B964EA1DA0}.Release|Any CPU.Build.0 = Release|Any CPU
		{9F428096-BB70-4D53-9BD8-2299E85266E8}.Debug|Any CPU.ActiveCfg = Debug|Any CPU
		{9F428096-BB70-4D53-9BD8-2299E85266E8}.Debug|Any CPU.Build.0 = Debug|Any CPU
		{9F428096-BB70-4D53-9BD8-2299E85266E8}.Release|Any CPU.ActiveCfg = Release|Any CPU
		{9F428096-BB70-4D53-9BD8-2299E85266E8}.Release|Any CPU.Build.0 = Release|Any CPU
		{75CFFB11-7280-420D-B48F-E4329479E5E5}.Debug|Any CPU.ActiveCfg = Debug|Any CPU
		{75CFFB11-7280-420D-B48F-E4329479E5E5}.Debug|Any CPU.Build.0 = Debug|Any CPU
		{75CFFB11-7280-420D-B48F-E4329479E5E5}.Release|Any CPU.ActiveCfg = Release|Any CPU
		{75CFFB11-7280-420D-B48F-E4329479E5E5}.Release|Any CPU.Build.0 = Release|Any CPU
		{D8A62A98-A943-40B3-AA0D-6FE726E0D24B}.Debug|Any CPU.ActiveCfg = Debug|Any CPU
		{D8A62A98-A943-40B3-AA0D-6FE726E0D24B}.Debug|Any CPU.Build.0 = Debug|Any CPU
		{D8A62A98-A943-40B3-AA0D-6FE726E0D24B}.Release|Any CPU.ActiveCfg = Release|Any CPU
		{D8A62A98-A943-40B3-AA0D-6FE726E0D24B}.Release|Any CPU.Build.0 = Release|Any CPU
		{B43C2D25-1BE0-4D98-96CA-06AF93B30551}.Debug|Any CPU.ActiveCfg = Debug|Any CPU
		{B43C2D25-1BE0-4D98-96CA-06AF93B30551}.Debug|Any CPU.Build.0 = Debug|Any CPU
		{B43C2D25-1BE0-4D98-96CA-06AF93B30551}.Release|Any CPU.ActiveCfg = Release|Any CPU
		{B43C2D25-1BE0-4D98-96CA-06AF93B30551}.Release|Any CPU.Build.0 = Release|Any CPU
		{0AB6FA51-3D44-4ED2-AFD2-E1E3CB431250}.Debug|Any CPU.ActiveCfg = Debug|Any CPU
		{0AB6FA51-3D44-4ED2-AFD2-E1E3CB431250}.Debug|Any CPU.Build.0 = Debug|Any CPU
		{0AB6FA51-3D44-4ED2-AFD2-E1E3CB431250}.Release|Any CPU.ActiveCfg = Release|Any CPU
		{0AB6FA51-3D44-4ED2-AFD2-E1E3CB431250}.Release|Any CPU.Build.0 = Release|Any CPU
		{BAC5C2AE-C871-41A6-953B-D7E143317223}.Debug|Any CPU.ActiveCfg = Debug|Any CPU
		{BAC5C2AE-C871-41A6-953B-D7E143317223}.Debug|Any CPU.Build.0 = Debug|Any CPU
		{BAC5C2AE-C871-41A6-953B-D7E143317223}.Release|Any CPU.ActiveCfg = Release|Any CPU
		{BAC5C2AE-C871-41A6-953B-D7E143317223}.Release|Any CPU.Build.0 = Release|Any CPU
		{C70DDEC6-9865-4AF4-824B-EA979D1ADA60}.Debug|Any CPU.ActiveCfg = Debug|Any CPU
		{C70DDEC6-9865-4AF4-824B-EA979D1ADA60}.Debug|Any CPU.Build.0 = Debug|Any CPU
		{C70DDEC6-9865-4AF4-824B-EA979D1ADA60}.Release|Any CPU.ActiveCfg = Release|Any CPU
		{C70DDEC6-9865-4AF4-824B-EA979D1ADA60}.Release|Any CPU.Build.0 = Release|Any CPU
		{E626B79C-8235-4E16-AFF7-222250C57C65}.Debug|Any CPU.ActiveCfg = Debug|Any CPU
		{E626B79C-8235-4E16-AFF7-222250C57C65}.Debug|Any CPU.Build.0 = Debug|Any CPU
		{E626B79C-8235-4E16-AFF7-222250C57C65}.Release|Any CPU.ActiveCfg = Release|Any CPU
		{E626B79C-8235-4E16-AFF7-222250C57C65}.Release|Any CPU.Build.0 = Release|Any CPU
		{94C5C94C-4231-4506-80DD-E25980E2F932}.Debug|Any CPU.ActiveCfg = Debug|Any CPU
		{94C5C94C-4231-4506-80DD-E25980E2F932}.Debug|Any CPU.Build.0 = Debug|Any CPU
		{94C5C94C-4231-4506-80DD-E25980E2F932}.Release|Any CPU.ActiveCfg = Release|Any CPU
		{94C5C94C-4231-4506-80DD-E25980E2F932}.Release|Any CPU.Build.0 = Release|Any CPU
		{00572915-C26A-49DB-A705-11B6C1C3ADCC}.Debug|Any CPU.ActiveCfg = Debug|Any CPU
		{00572915-C26A-49DB-A705-11B6C1C3ADCC}.Debug|Any CPU.Build.0 = Debug|Any CPU
		{00572915-C26A-49DB-A705-11B6C1C3ADCC}.Release|Any CPU.ActiveCfg = Release|Any CPU
		{00572915-C26A-49DB-A705-11B6C1C3ADCC}.Release|Any CPU.Build.0 = Release|Any CPU
		{D32124FB-1931-450C-9AB8-F890D78D1306}.Debug|Any CPU.ActiveCfg = Debug|Any CPU
		{D32124FB-1931-450C-9AB8-F890D78D1306}.Debug|Any CPU.Build.0 = Debug|Any CPU
		{D32124FB-1931-450C-9AB8-F890D78D1306}.Release|Any CPU.ActiveCfg = Release|Any CPU
		{D32124FB-1931-450C-9AB8-F890D78D1306}.Release|Any CPU.Build.0 = Release|Any CPU
		{AD46FF2D-329B-418B-A803-65BA1786A9CB}.Debug|Any CPU.ActiveCfg = Debug|Any CPU
		{AD46FF2D-329B-418B-A803-65BA1786A9CB}.Debug|Any CPU.Build.0 = Debug|Any CPU
		{AD46FF2D-329B-418B-A803-65BA1786A9CB}.Release|Any CPU.ActiveCfg = Release|Any CPU
		{AD46FF2D-329B-418B-A803-65BA1786A9CB}.Release|Any CPU.Build.0 = Release|Any CPU
		{62AC05CE-5710-459D-8569-C4C8E0744203}.Debug|Any CPU.ActiveCfg = Debug|Any CPU
		{62AC05CE-5710-459D-8569-C4C8E0744203}.Debug|Any CPU.Build.0 = Debug|Any CPU
		{62AC05CE-5710-459D-8569-C4C8E0744203}.Release|Any CPU.ActiveCfg = Release|Any CPU
		{62AC05CE-5710-459D-8569-C4C8E0744203}.Release|Any CPU.Build.0 = Release|Any CPU
		{CF7A73F4-88D8-434D-A908-CC6DA30E30F6}.Debug|Any CPU.ActiveCfg = Debug|Any CPU
		{CF7A73F4-88D8-434D-A908-CC6DA30E30F6}.Debug|Any CPU.Build.0 = Debug|Any CPU
		{CF7A73F4-88D8-434D-A908-CC6DA30E30F6}.Release|Any CPU.ActiveCfg = Release|Any CPU
		{CF7A73F4-88D8-434D-A908-CC6DA30E30F6}.Release|Any CPU.Build.0 = Release|Any CPU
		{FA109E81-59F9-4EC6-8CBF-46DC53A6B933}.Debug|Any CPU.ActiveCfg = Debug|Any CPU
		{FA109E81-59F9-4EC6-8CBF-46DC53A6B933}.Debug|Any CPU.Build.0 = Debug|Any CPU
		{FA109E81-59F9-4EC6-8CBF-46DC53A6B933}.Release|Any CPU.ActiveCfg = Release|Any CPU
		{FA109E81-59F9-4EC6-8CBF-46DC53A6B933}.Release|Any CPU.Build.0 = Release|Any CPU
	EndGlobalSection
	GlobalSection(SolutionProperties) = preSolution
		HideSolutionNode = FALSE
	EndGlobalSection
	GlobalSection(NestedProjects) = preSolution
		{E6E5047C-052E-4D46-A11A-ADE6775A223B} = {02EA681E-C7D8-13C7-8484-4AC65E1B71E8}
		{DFDFFBD6-DD8B-43C6-AE74-087106C9AD3D} = {02EA681E-C7D8-13C7-8484-4AC65E1B71E8}
		{F90B872A-9C3F-467F-BBDE-B8B964EA1DA0} = {02EA681E-C7D8-13C7-8484-4AC65E1B71E8}
		{9F428096-BB70-4D53-9BD8-2299E85266E8} = {EB6C2B02-3285-465D-AB18-F7389AC59F1C}
		{75CFFB11-7280-420D-B48F-E4329479E5E5} = {EB6C2B02-3285-465D-AB18-F7389AC59F1C}
		{D8A62A98-A943-40B3-AA0D-6FE726E0D24B} = {EB6C2B02-3285-465D-AB18-F7389AC59F1C}
		{B43C2D25-1BE0-4D98-96CA-06AF93B30551} = {52677223-7CBC-46DC-BFDE-59FA4CF3AB1D}
		{0AB6FA51-3D44-4ED2-AFD2-E1E3CB431250} = {52677223-7CBC-46DC-BFDE-59FA4CF3AB1D}
		{BAC5C2AE-C871-41A6-953B-D7E143317223} = {52677223-7CBC-46DC-BFDE-59FA4CF3AB1D}
		{C70DDEC6-9865-4AF4-824B-EA979D1ADA60} = {73C83873-92A9-4EDA-9601-6ED53D8DD75F}
		{E626B79C-8235-4E16-AFF7-222250C57C65} = {73C83873-92A9-4EDA-9601-6ED53D8DD75F}
		{94C5C94C-4231-4506-80DD-E25980E2F932} = {73C83873-92A9-4EDA-9601-6ED53D8DD75F}
		{00572915-C26A-49DB-A705-11B6C1C3ADCC} = {248C0791-B9C8-406D-B2F1-455EF77C91B2}
		{D32124FB-1931-450C-9AB8-F890D78D1306} = {248C0791-B9C8-406D-B2F1-455EF77C91B2}
		{AD46FF2D-329B-418B-A803-65BA1786A9CB} = {248C0791-B9C8-406D-B2F1-455EF77C91B2}
		{62AC05CE-5710-459D-8569-C4C8E0744203} = {0E0348EA-58AE-4304-BD95-32AD24579C3C}
		{CF7A73F4-88D8-434D-A908-CC6DA30E30F6} = {0E0348EA-58AE-4304-BD95-32AD24579C3C}
		{FA109E81-59F9-4EC6-8CBF-46DC53A6B933} = {0E0348EA-58AE-4304-BD95-32AD24579C3C}
	EndGlobalSection
	GlobalSection(ExtensibilityGlobals) = postSolution
		SolutionGuid = {7C1E6F91-0D47-4B8C-803B-1FF16C384733}
	EndGlobalSection
EndGlobal
